
Microsoft Visual Studio Solution File, Format Version 12.00
# Visual Studio Version 17
VisualStudioVersion = 17.13.35931.197
MinimumVisualStudioVersion = 10.0.40219.1
Project("{FAE04EC0-301F-11D3-BF4B-00C04F79EFBC}") = "01Demo", "01Demo\01Demo.csproj", "{0AFC3DC9-DF05-42C3-BB79-B90B675D7193}"
EndProject
Project("{FAE04EC0-301F-11D3-BF4B-00C04F79EFBC}") = "02Demo", "02Demo\02Demo.csproj", "{DAA99AA7-135A-4D28-9F78-726EC06ED4D6}"
EndProject
Project("{FAE04EC0-301F-11D3-BF4B-00C04F79EFBC}") = "03Demo", "03Dem\03Demo.csproj", "{37742006-C656-4505-8FF0-D3C434861841}"
EndProject
Project("{FAE04EC0-301F-11D3-BF4B-00C04F79EFBC}") = "04Demo", "04Demo\04Demo.csproj", "{9BC6C73E-6346-40BF-B0C2-AF0BD4E9C407}"
EndProject
Project("{FAE04EC0-301F-11D3-BF4B-00C04F79EFBC}") = "05Demo", "05Demo\05Demo.csproj", "{7C249C44-262E-4433-AE4C-950201DF20DB}"
EndProject
Project("{FAE04EC0-301F-11D3-BF4B-00C04F79EFBC}") = "06Demo", "06Demo\06Demo.csproj", "{0E771C42-3A87-4584-A73F-B6F7D15757B4}"
EndProject
Project("{FAE04EC0-301F-11D3-BF4B-00C04F79EFBC}") = "07Demo_OOP", "07Demo_OOP\07Demo_OOP.csproj", "{734AE058-C968-4A5B-B087-3D3B56E45FEE}"
EndProject
Project("{FAE04EC0-301F-11D3-BF4B-00C04F79EFBC}") = "08Demo_OOP", "08Demo_OOP\08Demo_OOP.csproj", "{57EA0800-EBF4-4B38-BA30-DD9EF141C5E7}"
EndProject
Project("{FAE04EC0-301F-11D3-BF4B-00C04F79EFBC}") = "09Demo_OOP", "09Demo_OOP\09Demo_OOP.csproj", "{3A19C178-E599-4BDB-BC22-041ACD518B8C}"
EndProject
Project("{FAE04EC0-301F-11D3-BF4B-00C04F79EFBC}") = "10Demo_OOP", "10Demo_OOP\10Demo_OOP.csproj", "{68B82D42-A695-4222-BA27-47A9E625A728}"
EndProject
Project("{FAE04EC0-301F-11D3-BF4B-00C04F79EFBC}") = "11Demp_OOP_Interface", "11Demp_OOP_Interface\11Demp_OOP_Interface.csproj", "{E3646C3F-0131-4D13-A179-7642757550AD}"
EndProject
Project("{FAE04EC0-301F-11D3-BF4B-00C04F79EFBC}") = "12Demo_OOP_Interface", "12Demo_OOP_Interface\12Demo_OOP_Interface.csproj", "{3A2525AA-F5A9-459B-A466-D13AAE3E7458}"
EndProject
Project("{FAE04EC0-301F-11D3-BF4B-00C04F79EFBC}") = "13Demo_OOP_Abstract", "13Demo_OOP_Abstract\13Demo_OOP_Abstract.csproj", "{1D668C9C-4B85-414A-9A4C-8CF1150177B2}"
EndProject
Project("{FAE04EC0-301F-11D3-BF4B-00C04F79EFBC}") = "14Demo_OOP_Abstract", "14Demo_OOP_Abstract\14Demo_OOP_Abstract.csproj", "{CBA16827-A8A1-49BE-AEE7-A8E697AAA6C5}"
EndProject
Project("{FAE04EC0-301F-11D3-BF4B-00C04F79EFBC}") = "16Demo_OOP_Singleton", "16Demo_OOP_Singleton\16Demo_OOP_Singleton.csproj", "{B06DA175-FF20-4900-8B43-CE3F4590F3C2}"
EndProject
Project("{FAE04EC0-301F-11D3-BF4B-00C04F79EFBC}") = "CMathLib", "CMathLib\CMathLib.csproj", "{D11279CA-9E08-46A0-AE63-37DB749580FC}"
EndProject
Project("{FAE04EC0-301F-11D3-BF4B-00C04F79EFBC}") = "17Demo_MyMath", "17Demo_MyMath\17Demo_MyMath.csproj", "{64305697-1D14-4BEC-B350-E1C86334A8B8}"
EndProject
Project("{FAE04EC0-301F-11D3-BF4B-00C04F79EFBC}") = "18Demo_Delegate", "18Demo_Events and Delegate\18Demo_Delegate.csproj", "{6D5ACD75-1085-491C-AB7C-8AC70413C89C}"
EndProject
Project("{FAE04EC0-301F-11D3-BF4B-00C04F79EFBC}") = "19Demo_Events_Delegate", "19Demo_Events_Delegate\19Demo_Events_Delegate.csproj", "{991D6411-27EA-4B53-A223-76AEAD469E76}"
EndProject
Project("{FAE04EC0-301F-11D3-BF4B-00C04F79EFBC}") = "Demo_Match_Event_Delegates", "Demo_Match_Event_Delegates\Demo_Match_Event_Delegates.csproj", "{0B957F15-857B-4AC7-979D-3918D74110ED}"
EndProject
Project("{FAE04EC0-301F-11D3-BF4B-00C04F79EFBC}") = "20Demo_MulticastDelegate", "20Demo_MulticastDelegate\20Demo_MulticastDelegate.csproj", "{C27E31C6-D48B-485B-965E-5D805A7599D4}"
EndProject
Global
	GlobalSection(SolutionConfigurationPlatforms) = preSolution
		Debug|Any CPU = Debug|Any CPU
		Release|Any CPU = Release|Any CPU
	EndGlobalSection
	GlobalSection(ProjectConfigurationPlatforms) = postSolution
		{0AFC3DC9-DF05-42C3-BB79-B90B675D7193}.Debug|Any CPU.ActiveCfg = Debug|Any CPU
		{0AFC3DC9-DF05-42C3-BB79-B90B675D7193}.Debug|Any CPU.Build.0 = Debug|Any CPU
		{0AFC3DC9-DF05-42C3-BB79-B90B675D7193}.Release|Any CPU.ActiveCfg = Release|Any CPU
		{0AFC3DC9-DF05-42C3-BB79-B90B675D7193}.Release|Any CPU.Build.0 = Release|Any CPU
		{DAA99AA7-135A-4D28-9F78-726EC06ED4D6}.Debug|Any CPU.ActiveCfg = Debug|Any CPU
		{DAA99AA7-135A-4D28-9F78-726EC06ED4D6}.Debug|Any CPU.Build.0 = Debug|Any CPU
		{DAA99AA7-135A-4D28-9F78-726EC06ED4D6}.Release|Any CPU.ActiveCfg = Release|Any CPU
		{DAA99AA7-135A-4D28-9F78-726EC06ED4D6}.Release|Any CPU.Build.0 = Release|Any CPU
		{37742006-C656-4505-8FF0-D3C434861841}.Debug|Any CPU.ActiveCfg = Debug|Any CPU
		{37742006-C656-4505-8FF0-D3C434861841}.Debug|Any CPU.Build.0 = Debug|Any CPU
		{37742006-C656-4505-8FF0-D3C434861841}.Release|Any CPU.ActiveCfg = Release|Any CPU
		{37742006-C656-4505-8FF0-D3C434861841}.Release|Any CPU.Build.0 = Release|Any CPU
		{9BC6C73E-6346-40BF-B0C2-AF0BD4E9C407}.Debug|Any CPU.ActiveCfg = Debug|Any CPU
		{9BC6C73E-6346-40BF-B0C2-AF0BD4E9C407}.Debug|Any CPU.Build.0 = Debug|Any CPU
		{9BC6C73E-6346-40BF-B0C2-AF0BD4E9C407}.Release|Any CPU.ActiveCfg = Release|Any CPU
		{9BC6C73E-6346-40BF-B0C2-AF0BD4E9C407}.Release|Any CPU.Build.0 = Release|Any CPU
		{7C249C44-262E-4433-AE4C-950201DF20DB}.Debug|Any CPU.ActiveCfg = Debug|Any CPU
		{7C249C44-262E-4433-AE4C-950201DF20DB}.Debug|Any CPU.Build.0 = Debug|Any CPU
		{7C249C44-262E-4433-AE4C-950201DF20DB}.Release|Any CPU.ActiveCfg = Release|Any CPU
		{7C249C44-262E-4433-AE4C-950201DF20DB}.Release|Any CPU.Build.0 = Release|Any CPU
		{0E771C42-3A87-4584-A73F-B6F7D15757B4}.Debug|Any CPU.ActiveCfg = Debug|Any CPU
		{0E771C42-3A87-4584-A73F-B6F7D15757B4}.Debug|Any CPU.Build.0 = Debug|Any CPU
		{0E771C42-3A87-4584-A73F-B6F7D15757B4}.Release|Any CPU.ActiveCfg = Release|Any CPU
		{0E771C42-3A87-4584-A73F-B6F7D15757B4}.Release|Any CPU.Build.0 = Release|Any CPU
		{734AE058-C968-4A5B-B087-3D3B56E45FEE}.Debug|Any CPU.ActiveCfg = Debug|Any CPU
		{734AE058-C968-4A5B-B087-3D3B56E45FEE}.Debug|Any CPU.Build.0 = Debug|Any CPU
		{734AE058-C968-4A5B-B087-3D3B56E45FEE}.Release|Any CPU.ActiveCfg = Release|Any CPU
		{734AE058-C968-4A5B-B087-3D3B56E45FEE}.Release|Any CPU.Build.0 = Release|Any CPU
		{57EA0800-EBF4-4B38-BA30-DD9EF141C5E7}.Debug|Any CPU.ActiveCfg = Debug|Any CPU
		{57EA0800-EBF4-4B38-BA30-DD9EF141C5E7}.Debug|Any CPU.Build.0 = Debug|Any CPU
		{57EA0800-EBF4-4B38-BA30-DD9EF141C5E7}.Release|Any CPU.ActiveCfg = Release|Any CPU
		{57EA0800-EBF4-4B38-BA30-DD9EF141C5E7}.Release|Any CPU.Build.0 = Release|Any CPU
		{3A19C178-E599-4BDB-BC22-041ACD518B8C}.Debug|Any CPU.ActiveCfg = Debug|Any CPU
		{3A19C178-E599-4BDB-BC22-041ACD518B8C}.Debug|Any CPU.Build.0 = Debug|Any CPU
		{3A19C178-E599-4BDB-BC22-041ACD518B8C}.Release|Any CPU.ActiveCfg = Release|Any CPU
		{3A19C178-E599-4BDB-BC22-041ACD518B8C}.Release|Any CPU.Build.0 = Release|Any CPU
		{68B82D42-A695-4222-BA27-47A9E625A728}.Debug|Any CPU.ActiveCfg = Debug|Any CPU
		{68B82D42-A695-4222-BA27-47A9E625A728}.Debug|Any CPU.Build.0 = Debug|Any CPU
		{68B82D42-A695-4222-BA27-47A9E625A728}.Release|Any CPU.ActiveCfg = Release|Any CPU
		{68B82D42-A695-4222-BA27-47A9E625A728}.Release|Any CPU.Build.0 = Release|Any CPU
		{E3646C3F-0131-4D13-A179-7642757550AD}.Debug|Any CPU.ActiveCfg = Debug|Any CPU
		{E3646C3F-0131-4D13-A179-7642757550AD}.Debug|Any CPU.Build.0 = Debug|Any CPU
		{E3646C3F-0131-4D13-A179-7642757550AD}.Release|Any CPU.ActiveCfg = Release|Any CPU
		{E3646C3F-0131-4D13-A179-7642757550AD}.Release|Any CPU.Build.0 = Release|Any CPU
		{3A2525AA-F5A9-459B-A466-D13AAE3E7458}.Debug|Any CPU.ActiveCfg = Debug|Any CPU
		{3A2525AA-F5A9-459B-A466-D13AAE3E7458}.Debug|Any CPU.Build.0 = Debug|Any CPU
		{3A2525AA-F5A9-459B-A466-D13AAE3E7458}.Release|Any CPU.ActiveCfg = Release|Any CPU
		{3A2525AA-F5A9-459B-A466-D13AAE3E7458}.Release|Any CPU.Build.0 = Release|Any CPU
		{1D668C9C-4B85-414A-9A4C-8CF1150177B2}.Debug|Any CPU.ActiveCfg = Debug|Any CPU
		{1D668C9C-4B85-414A-9A4C-8CF1150177B2}.Debug|Any CPU.Build.0 = Debug|Any CPU
		{1D668C9C-4B85-414A-9A4C-8CF1150177B2}.Release|Any CPU.ActiveCfg = Release|Any CPU
		{1D668C9C-4B85-414A-9A4C-8CF1150177B2}.Release|Any CPU.Build.0 = Release|Any CPU
		{CBA16827-A8A1-49BE-AEE7-A8E697AAA6C5}.Debug|Any CPU.ActiveCfg = Debug|Any CPU
		{CBA16827-A8A1-49BE-AEE7-A8E697AAA6C5}.Debug|Any CPU.Build.0 = Debug|Any CPU
		{CBA16827-A8A1-49BE-AEE7-A8E697AAA6C5}.Release|Any CPU.ActiveCfg = Release|Any CPU
		{CBA16827-A8A1-49BE-AEE7-A8E697AAA6C5}.Release|Any CPU.Build.0 = Release|Any CPU
		{B06DA175-FF20-4900-8B43-CE3F4590F3C2}.Debug|Any CPU.ActiveCfg = Debug|Any CPU
		{B06DA175-FF20-4900-8B43-CE3F4590F3C2}.Debug|Any CPU.Build.0 = Debug|Any CPU
		{B06DA175-FF20-4900-8B43-CE3F4590F3C2}.Release|Any CPU.ActiveCfg = Release|Any CPU
		{B06DA175-FF20-4900-8B43-CE3F4590F3C2}.Release|Any CPU.Build.0 = Release|Any CPU
		{D11279CA-9E08-46A0-AE63-37DB749580FC}.Debug|Any CPU.ActiveCfg = Debug|Any CPU
		{D11279CA-9E08-46A0-AE63-37DB749580FC}.Debug|Any CPU.Build.0 = Debug|Any CPU
		{D11279CA-9E08-46A0-AE63-37DB749580FC}.Release|Any CPU.ActiveCfg = Release|Any CPU
		{D11279CA-9E08-46A0-AE63-37DB749580FC}.Release|Any CPU.Build.0 = Release|Any CPU
		{64305697-1D14-4BEC-B350-E1C86334A8B8}.Debug|Any CPU.ActiveCfg = Debug|Any CPU
		{64305697-1D14-4BEC-B350-E1C86334A8B8}.Debug|Any CPU.Build.0 = Debug|Any CPU
		{64305697-1D14-4BEC-B350-E1C86334A8B8}.Release|Any CPU.ActiveCfg = Release|Any CPU
		{64305697-1D14-4BEC-B350-E1C86334A8B8}.Release|Any CPU.Build.0 = Release|Any CPU
		{6D5ACD75-1085-491C-AB7C-8AC70413C89C}.Debug|Any CPU.ActiveCfg = Debug|Any CPU
		{6D5ACD75-1085-491C-AB7C-8AC70413C89C}.Debug|Any CPU.Build.0 = Debug|Any CPU
		{6D5ACD75-1085-491C-AB7C-8AC70413C89C}.Release|Any CPU.ActiveCfg = Release|Any CPU
		{6D5ACD75-1085-491C-AB7C-8AC70413C89C}.Release|Any CPU.Build.0 = Release|Any CPU
		{991D6411-27EA-4B53-A223-76AEAD469E76}.Debug|Any CPU.ActiveCfg = Debug|Any CPU
		{991D6411-27EA-4B53-A223-76AEAD469E76}.Debug|Any CPU.Build.0 = Debug|Any CPU
		{991D6411-27EA-4B53-A223-76AEAD469E76}.Release|Any CPU.ActiveCfg = Release|Any CPU
		{991D6411-27EA-4B53-A223-76AEAD469E76}.Release|Any CPU.Build.0 = Release|Any CPU
		{0B957F15-857B-4AC7-979D-3918D74110ED}.Debug|Any CPU.ActiveCfg = Debug|Any CPU
		{0B957F15-857B-4AC7-979D-3918D74110ED}.Debug|Any CPU.Build.0 = Debug|Any CPU
		{0B957F15-857B-4AC7-979D-3918D74110ED}.Release|Any CPU.ActiveCfg = Release|Any CPU
		{0B957F15-857B-4AC7-979D-3918D74110ED}.Release|Any CPU.Build.0 = Release|Any CPU
		{C27E31C6-D48B-485B-965E-5D805A7599D4}.Debug|Any CPU.ActiveCfg = Debug|Any CPU
		{C27E31C6-D48B-485B-965E-5D805A7599D4}.Debug|Any CPU.Build.0 = Debug|Any CPU
		{C27E31C6-D48B-485B-965E-5D805A7599D4}.Release|Any CPU.ActiveCfg = Release|Any CPU
		{C27E31C6-D48B-485B-965E-5D805A7599D4}.Release|Any CPU.Build.0 = Release|Any CPU
	EndGlobalSection
	GlobalSection(SolutionProperties) = preSolution
		HideSolutionNode = FALSE
	EndGlobalSection
	GlobalSection(ExtensibilityGlobals) = postSolution
		SolutionGuid = {484C671A-7B5C-4D4E-87AE-DBCFC66E4F94}
	EndGlobalSection
EndGlobal
